
Microsoft Visual Studio Solution File, Format Version 12.00
# Visual Studio Version 17
VisualStudioVersion = 17.5.001.0
MinimumVisualStudioVersion = 10.0.40219.1
Project("{2150E333-8FDC-42A3-9474-1A3956D46DE8}") = "prepare", "prepare", "{338439AE-E80F-4FAF-91D7-A6B178694E4A}"
EndProject
Project("{9A19103F-16F7-4668-BE54-9A1E7A4F7556}") = "Learning02", "prepare\Learning02\Learning02.csproj", "{4F28978C-63F7-4A62-816C-DC3D21DB0E8B}"
EndProject
Project("{9A19103F-16F7-4668-BE54-9A1E7A4F7556}") = "Learning05", "prepare\Learning05\Learning05.csproj", "{5A0B86BE-9DB7-443D-88AB-44378C019F5A}"
EndProject
Project("{9A19103F-16F7-4668-BE54-9A1E7A4F7556}") = "Learning04", "prepare\Learning04\Learning04.csproj", "{68C9B60B-FC9A-4429-B35F-EB37299A549D}"
EndProject
Project("{9A19103F-16F7-4668-BE54-9A1E7A4F7556}") = "Learning03", "prepare\Learning03\Learning03.csproj", "{343DCB36-A6A8-41D5-B6B9-300E40147D81}"
EndProject
Project("{2150E333-8FDC-42A3-9474-1A3956D46DE8}") = "prove", "prove", "{8D0CF07D-EEF3-4873-85AC-6AF01F2B2426}"
EndProject
Project("{9A19103F-16F7-4668-BE54-9A1E7A4F7556}") = "Develop03", "prove\Develop03\Develop03.csproj", "{55AD34DF-5F59-4D17-A40E-4E36E4B5E0FA}"
EndProject
Project("{9A19103F-16F7-4668-BE54-9A1E7A4F7556}") = "Develop04", "prove\Develop04\Develop04.csproj", "{F67110B3-9285-4260-9E58-578A6BB79760}"
EndProject
Project("{9A19103F-16F7-4668-BE54-9A1E7A4F7556}") = "Develop05", "prove\Develop05\Develop05.csproj", "{F5004979-B58D-4AFB-A411-0BCF03B8364B}"
EndProject
Project("{9A19103F-16F7-4668-BE54-9A1E7A4F7556}") = "Develop02", "prove\Develop02\Develop02.csproj", "{BA4146F4-F7CD-4B0D-B1AA-855342062BE0}"
EndProject
Project("{2150E333-8FDC-42A3-9474-1A3956D46DE8}") = "sandbox", "sandbox", "{4C6C3CBE-860E-4475-8571-DB164A3D758C}"
EndProject
Project("{9A19103F-16F7-4668-BE54-9A1E7A4F7556}") = "Sandbox", "sandbox\Sandbox\Sandbox.csproj", "{8D019978-D2A9-4847-A16F-4E58821BD08D}"
EndProject
Project("{2150E333-8FDC-42A3-9474-1A3956D46DE8}") = "final", "final", "{63D76C61-A7B7-43A9-A06D-6F7199859501}"
EndProject
Project("{9A19103F-16F7-4668-BE54-9A1E7A4F7556}") = "FinalProject", "final\FinalProject\FinalProject.csproj", "{01081484-B172-4C2E-8773-99437545341A}"
EndProject
Project("{9A19103F-16F7-4668-BE54-9A1E7A4F7556}") = "Foundation1", "final\Foundation1\Foundation1.csproj", "{57857035-111E-4D62-9746-EDFEA7134CFA}"
EndProject
Project("{9A19103F-16F7-4668-BE54-9A1E7A4F7556}") = "Foundation4", "final\Foundation4\Foundation4.csproj", "{C4BB1626-87F7-48C4-BC5B-42FF948C6B41}"
EndProject
Project("{9A19103F-16F7-4668-BE54-9A1E7A4F7556}") = "Foundation3", "final\Foundation3\Foundation3.csproj", "{098FF3AD-C425-464E-B42B-A03D40FDC25B}"
EndProject
Project("{9A19103F-16F7-4668-BE54-9A1E7A4F7556}") = "Foundation2", "final\Foundation2\Foundation2.csproj", "{0564F110-D4A6-4632-8E49-6E13AF959444}"
EndProject
Project("{2150E333-8FDC-42A3-9474-1A3956D46DE8}") = "csharp-prep", "csharp-prep", "{7850A9AC-1895-4640-8D83-C4A69370EC3E}"
EndProject
Project("{9A19103F-16F7-4668-BE54-9A1E7A4F7556}") = "Prep1", "csharp-prep\Prep1\Prep1.csproj", "{9503AE06-F802-4BB1-A476-F0923FADF440}"
EndProject
Project("{9A19103F-16F7-4668-BE54-9A1E7A4F7556}") = "Prep5", "csharp-prep\Prep5\Prep5.csproj", "{ED45B26D-FBDE-4478-8C0F-467E0BE3B73E}"
EndProject
Project("{9A19103F-16F7-4668-BE54-9A1E7A4F7556}") = "Prep2", "csharp-prep\Prep2\Prep2.csproj", "{92D198E5-35D4-4C74-A33C-96B3FFA0BD59}"
EndProject
Project("{9A19103F-16F7-4668-BE54-9A1E7A4F7556}") = "Prep3", "csharp-prep\Prep3\Prep3.csproj", "{5A510EDF-3711-408E-9F50-EE1A9B78B8FC}"
EndProject
Project("{9A19103F-16F7-4668-BE54-9A1E7A4F7556}") = "Prep4", "csharp-prep\Prep4\Prep4.csproj", "{A5B1B524-FEE8-4D32-8F19-D543D5A39C9A}"
EndProject
Global
	GlobalSection(SolutionConfigurationPlatforms) = preSolution
		Debug|Any CPU = Debug|Any CPU
		Release|Any CPU = Release|Any CPU
	EndGlobalSection
	GlobalSection(ProjectConfigurationPlatforms) = postSolution
		{4F28978C-63F7-4A62-816C-DC3D21DB0E8B}.Debug|Any CPU.ActiveCfg = Debug|Any CPU
		{4F28978C-63F7-4A62-816C-DC3D21DB0E8B}.Debug|Any CPU.Build.0 = Debug|Any CPU
		{4F28978C-63F7-4A62-816C-DC3D21DB0E8B}.Release|Any CPU.ActiveCfg = Release|Any CPU
		{4F28978C-63F7-4A62-816C-DC3D21DB0E8B}.Release|Any CPU.Build.0 = Release|Any CPU
		{5A0B86BE-9DB7-443D-88AB-44378C019F5A}.Debug|Any CPU.ActiveCfg = Debug|Any CPU
		{5A0B86BE-9DB7-443D-88AB-44378C019F5A}.Debug|Any CPU.Build.0 = Debug|Any CPU
		{5A0B86BE-9DB7-443D-88AB-44378C019F5A}.Release|Any CPU.ActiveCfg = Release|Any CPU
		{5A0B86BE-9DB7-443D-88AB-44378C019F5A}.Release|Any CPU.Build.0 = Release|Any CPU
		{68C9B60B-FC9A-4429-B35F-EB37299A549D}.Debug|Any CPU.ActiveCfg = Debug|Any CPU
		{68C9B60B-FC9A-4429-B35F-EB37299A549D}.Debug|Any CPU.Build.0 = Debug|Any CPU
		{68C9B60B-FC9A-4429-B35F-EB37299A549D}.Release|Any CPU.ActiveCfg = Release|Any CPU
		{68C9B60B-FC9A-4429-B35F-EB37299A549D}.Release|Any CPU.Build.0 = Release|Any CPU
		{343DCB36-A6A8-41D5-B6B9-300E40147D81}.Debug|Any CPU.ActiveCfg = Debug|Any CPU
		{343DCB36-A6A8-41D5-B6B9-300E40147D81}.Debug|Any CPU.Build.0 = Debug|Any CPU
		{343DCB36-A6A8-41D5-B6B9-300E40147D81}.Release|Any CPU.ActiveCfg = Release|Any CPU
		{343DCB36-A6A8-41D5-B6B9-300E40147D81}.Release|Any CPU.Build.0 = Release|Any CPU
		{55AD34DF-5F59-4D17-A40E-4E36E4B5E0FA}.Debug|Any CPU.ActiveCfg = Debug|Any CPU
		{55AD34DF-5F59-4D17-A40E-4E36E4B5E0FA}.Debug|Any CPU.Build.0 = Debug|Any CPU
		{55AD34DF-5F59-4D17-A40E-4E36E4B5E0FA}.Release|Any CPU.ActiveCfg = Release|Any CPU
		{55AD34DF-5F59-4D17-A40E-4E36E4B5E0FA}.Release|Any CPU.Build.0 = Release|Any CPU
		{F67110B3-9285-4260-9E58-578A6BB79760}.Debug|Any CPU.ActiveCfg = Debug|Any CPU
		{F67110B3-9285-4260-9E58-578A6BB79760}.Debug|Any CPU.Build.0 = Debug|Any CPU
		{F67110B3-9285-4260-9E58-578A6BB79760}.Release|Any CPU.ActiveCfg = Release|Any CPU
		{F67110B3-9285-4260-9E58-578A6BB79760}.Release|Any CPU.Build.0 = Release|Any CPU
		{F5004979-B58D-4AFB-A411-0BCF03B8364B}.Debug|Any CPU.ActiveCfg = Debug|Any CPU
		{F5004979-B58D-4AFB-A411-0BCF03B8364B}.Debug|Any CPU.Build.0 = Debug|Any CPU
		{F5004979-B58D-4AFB-A411-0BCF03B8364B}.Release|Any CPU.ActiveCfg = Release|Any CPU
		{F5004979-B58D-4AFB-A411-0BCF03B8364B}.Release|Any CPU.Build.0 = Release|Any CPU
		{BA4146F4-F7CD-4B0D-B1AA-855342062BE0}.Debug|Any CPU.ActiveCfg = Debug|Any CPU
		{BA4146F4-F7CD-4B0D-B1AA-855342062BE0}.Debug|Any CPU.Build.0 = Debug|Any CPU
		{BA4146F4-F7CD-4B0D-B1AA-855342062BE0}.Release|Any CPU.ActiveCfg = Release|Any CPU
		{BA4146F4-F7CD-4B0D-B1AA-855342062BE0}.Release|Any CPU.Build.0 = Release|Any CPU
		{8D019978-D2A9-4847-A16F-4E58821BD08D}.Debug|Any CPU.ActiveCfg = Debug|Any CPU
		{8D019978-D2A9-4847-A16F-4E58821BD08D}.Debug|Any CPU.Build.0 = Debug|Any CPU
		{8D019978-D2A9-4847-A16F-4E58821BD08D}.Release|Any CPU.ActiveCfg = Release|Any CPU
		{8D019978-D2A9-4847-A16F-4E58821BD08D}.Release|Any CPU.Build.0 = Release|Any CPU
		{01081484-B172-4C2E-8773-99437545341A}.Debug|Any CPU.ActiveCfg = Debug|Any CPU
		{01081484-B172-4C2E-8773-99437545341A}.Debug|Any CPU.Build.0 = Debug|Any CPU
		{01081484-B172-4C2E-8773-99437545341A}.Release|Any CPU.ActiveCfg = Release|Any CPU
		{01081484-B172-4C2E-8773-99437545341A}.Release|Any CPU.Build.0 = Release|Any CPU
		{57857035-111E-4D62-9746-EDFEA7134CFA}.Debug|Any CPU.ActiveCfg = Debug|Any CPU
		{57857035-111E-4D62-9746-EDFEA7134CFA}.Debug|Any CPU.Build.0 = Debug|Any CPU
		{57857035-111E-4D62-9746-EDFEA7134CFA}.Release|Any CPU.ActiveCfg = Release|Any CPU
		{57857035-111E-4D62-9746-EDFEA7134CFA}.Release|Any CPU.Build.0 = Release|Any CPU
		{C4BB1626-87F7-48C4-BC5B-42FF948C6B41}.Debug|Any CPU.ActiveCfg = Debug|Any CPU
		{C4BB1626-87F7-48C4-BC5B-42FF948C6B41}.Debug|Any CPU.Build.0 = Debug|Any CPU
		{C4BB1626-87F7-48C4-BC5B-42FF948C6B41}.Release|Any CPU.ActiveCfg = Release|Any CPU
		{C4BB1626-87F7-48C4-BC5B-42FF948C6B41}.Release|Any CPU.Build.0 = Release|Any CPU
		{098FF3AD-C425-464E-B42B-A03D40FDC25B}.Debug|Any CPU.ActiveCfg = Debug|Any CPU
		{098FF3AD-C425-464E-B42B-A03D40FDC25B}.Debug|Any CPU.Build.0 = Debug|Any CPU
		{098FF3AD-C425-464E-B42B-A03D40FDC25B}.Release|Any CPU.ActiveCfg = Release|Any CPU
		{098FF3AD-C425-464E-B42B-A03D40FDC25B}.Release|Any CPU.Build.0 = Release|Any CPU
		{0564F110-D4A6-4632-8E49-6E13AF959444}.Debug|Any CPU.ActiveCfg = Debug|Any CPU
		{0564F110-D4A6-4632-8E49-6E13AF959444}.Debug|Any CPU.Build.0 = Debug|Any CPU
		{0564F110-D4A6-4632-8E49-6E13AF959444}.Release|Any CPU.ActiveCfg = Release|Any CPU
		{0564F110-D4A6-4632-8E49-6E13AF959444}.Release|Any CPU.Build.0 = Release|Any CPU
		{9503AE06-F802-4BB1-A476-F0923FADF440}.Debug|Any CPU.ActiveCfg = Debug|Any CPU
		{9503AE06-F802-4BB1-A476-F0923FADF440}.Debug|Any CPU.Build.0 = Debug|Any CPU
		{9503AE06-F802-4BB1-A476-F0923FADF440}.Release|Any CPU.ActiveCfg = Release|Any CPU
		{9503AE06-F802-4BB1-A476-F0923FADF440}.Release|Any CPU.Build.0 = Release|Any CPU
		{ED45B26D-FBDE-4478-8C0F-467E0BE3B73E}.Debug|Any CPU.ActiveCfg = Debug|Any CPU
		{ED45B26D-FBDE-4478-8C0F-467E0BE3B73E}.Debug|Any CPU.Build.0 = Debug|Any CPU
		{ED45B26D-FBDE-4478-8C0F-467E0BE3B73E}.Release|Any CPU.ActiveCfg = Release|Any CPU
		{ED45B26D-FBDE-4478-8C0F-467E0BE3B73E}.Release|Any CPU.Build.0 = Release|Any CPU
		{92D198E5-35D4-4C74-A33C-96B3FFA0BD59}.Debug|Any CPU.ActiveCfg = Debug|Any CPU
		{92D198E5-35D4-4C74-A33C-96B3FFA0BD59}.Debug|Any CPU.Build.0 = Debug|Any CPU
		{92D198E5-35D4-4C74-A33C-96B3FFA0BD59}.Release|Any CPU.ActiveCfg = Release|Any CPU
		{92D198E5-35D4-4C74-A33C-96B3FFA0BD59}.Release|Any CPU.Build.0 = Release|Any CPU
		{5A510EDF-3711-408E-9F50-EE1A9B78B8FC}.Debug|Any CPU.ActiveCfg = Debug|Any CPU
		{5A510EDF-3711-408E-9F50-EE1A9B78B8FC}.Debug|Any CPU.Build.0 = Debug|Any CPU
		{5A510EDF-3711-408E-9F50-EE1A9B78B8FC}.Release|Any CPU.ActiveCfg = Release|Any CPU
		{5A510EDF-3711-408E-9F50-EE1A9B78B8FC}.Release|Any CPU.Build.0 = Release|Any CPU
		{A5B1B524-FEE8-4D32-8F19-D543D5A39C9A}.Debug|Any CPU.ActiveCfg = Debug|Any CPU
		{A5B1B524-FEE8-4D32-8F19-D543D5A39C9A}.Debug|Any CPU.Build.0 = Debug|Any CPU
		{A5B1B524-FEE8-4D32-8F19-D543D5A39C9A}.Release|Any CPU.ActiveCfg = Release|Any CPU
		{A5B1B524-FEE8-4D32-8F19-D543D5A39C9A}.Release|Any CPU.Build.0 = Release|Any CPU
	EndGlobalSection
	GlobalSection(SolutionProperties) = preSolution
		HideSolutionNode = FALSE
	EndGlobalSection
	GlobalSection(NestedProjects) = preSolution
		{4F28978C-63F7-4A62-816C-DC3D21DB0E8B} = {338439AE-E80F-4FAF-91D7-A6B178694E4A}
		{5A0B86BE-9DB7-443D-88AB-44378C019F5A} = {338439AE-E80F-4FAF-91D7-A6B178694E4A}
		{68C9B60B-FC9A-4429-B35F-EB37299A549D} = {338439AE-E80F-4FAF-91D7-A6B178694E4A}
		{343DCB36-A6A8-41D5-B6B9-300E40147D81} = {338439AE-E80F-4FAF-91D7-A6B178694E4A}
		{55AD34DF-5F59-4D17-A40E-4E36E4B5E0FA} = {8D0CF07D-EEF3-4873-85AC-6AF01F2B2426}
		{F67110B3-9285-4260-9E58-578A6BB79760} = {8D0CF07D-EEF3-4873-85AC-6AF01F2B2426}
		{F5004979-B58D-4AFB-A411-0BCF03B8364B} = {8D0CF07D-EEF3-4873-85AC-6AF01F2B2426}
		{BA4146F4-F7CD-4B0D-B1AA-855342062BE0} = {8D0CF07D-EEF3-4873-85AC-6AF01F2B2426}
		{8D019978-D2A9-4847-A16F-4E58821BD08D} = {4C6C3CBE-860E-4475-8571-DB164A3D758C}
		{01081484-B172-4C2E-8773-99437545341A} = {63D76C61-A7B7-43A9-A06D-6F7199859501}
		{57857035-111E-4D62-9746-EDFEA7134CFA} = {63D76C61-A7B7-43A9-A06D-6F7199859501}
		{C4BB1626-87F7-48C4-BC5B-42FF948C6B41} = {63D76C61-A7B7-43A9-A06D-6F7199859501}
		{098FF3AD-C425-464E-B42B-A03D40FDC25B} = {63D76C61-A7B7-43A9-A06D-6F7199859501}
		{0564F110-D4A6-4632-8E49-6E13AF959444} = {63D76C61-A7B7-43A9-A06D-6F7199859501}
		{9503AE06-F802-4BB1-A476-F0923FADF440} = {7850A9AC-1895-4640-8D83-C4A69370EC3E}
		{ED45B26D-FBDE-4478-8C0F-467E0BE3B73E} = {7850A9AC-1895-4640-8D83-C4A69370EC3E}
		{92D198E5-35D4-4C74-A33C-96B3FFA0BD59} = {7850A9AC-1895-4640-8D83-C4A69370EC3E}
		{5A510EDF-3711-408E-9F50-EE1A9B78B8FC} = {7850A9AC-1895-4640-8D83-C4A69370EC3E}
		{A5B1B524-FEE8-4D32-8F19-D543D5A39C9A} = {7850A9AC-1895-4640-8D83-C4A69370EC3E}
	EndGlobalSection
	GlobalSection(ExtensibilityGlobals) = postSolution
		SolutionGuid = {58D610C6-1A87-4FE9-943A-AAE15116CBBA}
	EndGlobalSection
EndGlobal
